
Microsoft Visual Studio Solution File, Format Version 12.00
# Visual Studio Version 17
VisualStudioVersion = 17.7.34031.279
MinimumVisualStudioVersion = 10.0.40219.1
Project("{8BC9CEB8-8B4A-11D0-8D11-00A0C91BC942}") = "lab2", "lab2\lab2.vcxproj", "{B4582D80-B605-4F4D-AFA6-FFE2FC00A9D2}"
EndProject
Project("{8BC9CEB8-8B4A-11D0-8D11-00A0C91BC942}") = "lab1", "lab1_exp\lab1_exp.vcxproj", "{296FB4B6-B6DE-4BC0-BC8D-18A0EE005693}"
EndProject
Project("{8BC9CEB8-8B4A-11D0-8D11-00A0C91BC942}") = "lab3", "lab3\lab3.vcxproj", "{BD299F97-6904-40B2-8071-2E2B72C74287}"
EndProject
Project("{8BC9CEB8-8B4A-11D0-8D11-00A0C91BC942}") = "lab4", "lab4test\lab4test.vcxproj", "{8F6756FE-EC97-48BC-AC11-ED5BE6745FCB}"
EndProject
Project("{8BC9CEB8-8B4A-11D0-8D11-00A0C91BC942}") = "LL", "LL\LL.vcxproj", "{9F6D0CC9-C5D9-462C-9E7B-239453182C98}"
EndProject
Project("{8BC9CEB8-8B4A-11D0-8D11-00A0C91BC942}") = "lab5", "lab5\lab5.vcxproj", "{D14632EF-7382-45D2-B868-5481CA43558A}"
EndProject
Project("{8BC9CEB8-8B4A-11D0-8D11-00A0C91BC942}") = "lab6", "lab6\lab6.vcxproj", "{704D8929-4E7E-4660-8F38-9C8D86AF7F08}"
EndProject
Project("{8BC9CEB8-8B4A-11D0-8D11-00A0C91BC942}") = "РГЗ", "labConsole\labConsole.vcxproj", "{FE78A44A-5C67-4FAD-A698-4662FB2102B6}"
EndProject
Project("{8BC9CEB8-8B4A-11D0-8D11-00A0C91BC942}") = "lab7", "lab7\lab7.vcxproj", "{51311075-F14F-421E-A4DE-DCCA2A700197}"
EndProject
Project("{8BC9CEB8-8B4A-11D0-8D11-00A0C91BC942}") = "lab8", "lab8\lab8.vcxproj", "{EA2F5099-20DB-462C-9899-B99D1C68E757}"
EndProject
Project("{54435603-DBB4-11D2-8724-00A0C9A8B90C}") = "setupRgz", "setupRgz\setupRgz.vdproj", "{C2C61431-B820-4CE2-A88C-EB23DD707EA8}"
EndProject
Global
	GlobalSection(SolutionConfigurationPlatforms) = preSolution
		Debug|x64 = Debug|x64
		Debug|x86 = Debug|x86
		Release|x64 = Release|x64
		Release|x86 = Release|x86
	EndGlobalSection
	GlobalSection(ProjectConfigurationPlatforms) = postSolution
		{B4582D80-B605-4F4D-AFA6-FFE2FC00A9D2}.Debug|x64.ActiveCfg = Debug|x64
		{B4582D80-B605-4F4D-AFA6-FFE2FC00A9D2}.Debug|x64.Build.0 = Debug|x64
		{B4582D80-B605-4F4D-AFA6-FFE2FC00A9D2}.Debug|x86.ActiveCfg = Debug|Win32
		{B4582D80-B605-4F4D-AFA6-FFE2FC00A9D2}.Debug|x86.Build.0 = Debug|Win32
		{B4582D80-B605-4F4D-AFA6-FFE2FC00A9D2}.Release|x64.ActiveCfg = Release|x64
		{B4582D80-B605-4F4D-AFA6-FFE2FC00A9D2}.Release|x64.Build.0 = Release|x64
		{B4582D80-B605-4F4D-AFA6-FFE2FC00A9D2}.Release|x86.ActiveCfg = Release|Win32
		{B4582D80-B605-4F4D-AFA6-FFE2FC00A9D2}.Release|x86.Build.0 = Release|Win32
		{296FB4B6-B6DE-4BC0-BC8D-18A0EE005693}.Debug|x64.ActiveCfg = Debug|x64
		{296FB4B6-B6DE-4BC0-BC8D-18A0EE005693}.Debug|x64.Build.0 = Debug|x64
		{296FB4B6-B6DE-4BC0-BC8D-18A0EE005693}.Debug|x86.ActiveCfg = Debug|Win32
		{296FB4B6-B6DE-4BC0-BC8D-18A0EE005693}.Debug|x86.Build.0 = Debug|Win32
		{296FB4B6-B6DE-4BC0-BC8D-18A0EE005693}.Release|x64.ActiveCfg = Release|x64
		{296FB4B6-B6DE-4BC0-BC8D-18A0EE005693}.Release|x64.Build.0 = Release|x64
		{296FB4B6-B6DE-4BC0-BC8D-18A0EE005693}.Release|x86.ActiveCfg = Release|Win32
		{296FB4B6-B6DE-4BC0-BC8D-18A0EE005693}.Release|x86.Build.0 = Release|Win32
		{BD299F97-6904-40B2-8071-2E2B72C74287}.Debug|x64.ActiveCfg = Debug|x64
		{BD299F97-6904-40B2-8071-2E2B72C74287}.Debug|x64.Build.0 = Debug|x64
		{BD299F97-6904-40B2-8071-2E2B72C74287}.Debug|x86.ActiveCfg = Debug|Win32
		{BD299F97-6904-40B2-8071-2E2B72C74287}.Debug|x86.Build.0 = Debug|Win32
		{BD299F97-6904-40B2-8071-2E2B72C74287}.Release|x64.ActiveCfg = Release|x64
		{BD299F97-6904-40B2-8071-2E2B72C74287}.Release|x64.Build.0 = Release|x64
		{BD299F97-6904-40B2-8071-2E2B72C74287}.Release|x86.ActiveCfg = Release|Win32
		{BD299F97-6904-40B2-8071-2E2B72C74287}.Release|x86.Build.0 = Release|Win32
		{8F6756FE-EC97-48BC-AC11-ED5BE6745FCB}.Debug|x64.ActiveCfg = Debug|x64
		{8F6756FE-EC97-48BC-AC11-ED5BE6745FCB}.Debug|x64.Build.0 = Debug|x64
		{8F6756FE-EC97-48BC-AC11-ED5BE6745FCB}.Debug|x86.ActiveCfg = Debug|Win32
		{8F6756FE-EC97-48BC-AC11-ED5BE6745FCB}.Debug|x86.Build.0 = Debug|Win32
		{8F6756FE-EC97-48BC-AC11-ED5BE6745FCB}.Release|x64.ActiveCfg = Release|x64
		{8F6756FE-EC97-48BC-AC11-ED5BE6745FCB}.Release|x64.Build.0 = Release|x64
		{8F6756FE-EC97-48BC-AC11-ED5BE6745FCB}.Release|x86.ActiveCfg = Release|Win32
		{8F6756FE-EC97-48BC-AC11-ED5BE6745FCB}.Release|x86.Build.0 = Release|Win32
		{9F6D0CC9-C5D9-462C-9E7B-239453182C98}.Debug|x64.ActiveCfg = Debug|x64
		{9F6D0CC9-C5D9-462C-9E7B-239453182C98}.Debug|x64.Build.0 = Debug|x64
		{9F6D0CC9-C5D9-462C-9E7B-239453182C98}.Debug|x86.ActiveCfg = Debug|Win32
		{9F6D0CC9-C5D9-462C-9E7B-239453182C98}.Debug|x86.Build.0 = Debug|Win32
		{9F6D0CC9-C5D9-462C-9E7B-239453182C98}.Release|x64.ActiveCfg = Release|x64
		{9F6D0CC9-C5D9-462C-9E7B-239453182C98}.Release|x64.Build.0 = Release|x64
		{9F6D0CC9-C5D9-462C-9E7B-239453182C98}.Release|x86.ActiveCfg = Release|Win32
		{9F6D0CC9-C5D9-462C-9E7B-239453182C98}.Release|x86.Build.0 = Release|Win32
		{D14632EF-7382-45D2-B868-5481CA43558A}.Debug|x64.ActiveCfg = Debug|x64
		{D14632EF-7382-45D2-B868-5481CA43558A}.Debug|x64.Build.0 = Debug|x64
		{D14632EF-7382-45D2-B868-5481CA43558A}.Debug|x86.ActiveCfg = Debug|Win32
		{D14632EF-7382-45D2-B868-5481CA43558A}.Debug|x86.Build.0 = Debug|Win32
		{D14632EF-7382-45D2-B868-5481CA43558A}.Release|x64.ActiveCfg = Release|x64
		{D14632EF-7382-45D2-B868-5481CA43558A}.Release|x64.Build.0 = Release|x64
		{D14632EF-7382-45D2-B868-5481CA43558A}.Release|x86.ActiveCfg = Release|Win32
		{D14632EF-7382-45D2-B868-5481CA43558A}.Release|x86.Build.0 = Release|Win32
		{704D8929-4E7E-4660-8F38-9C8D86AF7F08}.Debug|x64.ActiveCfg = Debug|x64
		{704D8929-4E7E-4660-8F38-9C8D86AF7F08}.Debug|x64.Build.0 = Debug|x64
		{704D8929-4E7E-4660-8F38-9C8D86AF7F08}.Debug|x86.ActiveCfg = Debug|Win32
		{704D8929-4E7E-4660-8F38-9C8D86AF7F08}.Debug|x86.Build.0 = Debug|Win32
		{704D8929-4E7E-4660-8F38-9C8D86AF7F08}.Release|x64.ActiveCfg = Release|x64
		{704D8929-4E7E-4660-8F38-9C8D86AF7F08}.Release|x64.Build.0 = Release|x64
		{704D8929-4E7E-4660-8F38-9C8D86AF7F08}.Release|x86.ActiveCfg = Release|Win32
		{704D8929-4E7E-4660-8F38-9C8D86AF7F08}.Release|x86.Build.0 = Release|Win32
		{FE78A44A-5C67-4FAD-A698-4662FB2102B6}.Debug|x64.ActiveCfg = Debug|x64
		{FE78A44A-5C67-4FAD-A698-4662FB2102B6}.Debug|x64.Build.0 = Debug|x64
		{FE78A44A-5C67-4FAD-A698-4662FB2102B6}.Debug|x86.ActiveCfg = Debug|Win32
		{FE78A44A-5C67-4FAD-A698-4662FB2102B6}.Debug|x86.Build.0 = Debug|Win32
		{FE78A44A-5C67-4FAD-A698-4662FB2102B6}.Release|x64.ActiveCfg = Release|x64
		{FE78A44A-5C67-4FAD-A698-4662FB2102B6}.Release|x64.Build.0 = Release|x64
		{FE78A44A-5C67-4FAD-A698-4662FB2102B6}.Release|x86.ActiveCfg = Release|Win32
		{FE78A44A-5C67-4FAD-A698-4662FB2102B6}.Release|x86.Build.0 = Release|Win32
		{51311075-F14F-421E-A4DE-DCCA2A700197}.Debug|x64.ActiveCfg = Debug|x64
		{51311075-F14F-421E-A4DE-DCCA2A700197}.Debug|x64.Build.0 = Debug|x64
		{51311075-F14F-421E-A4DE-DCCA2A700197}.Debug|x86.ActiveCfg = Debug|Win32
		{51311075-F14F-421E-A4DE-DCCA2A700197}.Debug|x86.Build.0 = Debug|Win32
		{51311075-F14F-421E-A4DE-DCCA2A700197}.Release|x64.ActiveCfg = Release|x64
		{51311075-F14F-421E-A4DE-DCCA2A700197}.Release|x64.Build.0 = Release|x64
		{51311075-F14F-421E-A4DE-DCCA2A700197}.Release|x86.ActiveCfg = Release|Win32
		{51311075-F14F-421E-A4DE-DCCA2A700197}.Release|x86.Build.0 = Release|Win32
		{EA2F5099-20DB-462C-9899-B99D1C68E757}.Debug|x64.ActiveCfg = Debug|x64
		{EA2F5099-20DB-462C-9899-B99D1C68E757}.Debug|x64.Build.0 = Debug|x64
		{EA2F5099-20DB-462C-9899-B99D1C68E757}.Debug|x86.ActiveCfg = Debug|Win32
		{EA2F5099-20DB-462C-9899-B99D1C68E757}.Debug|x86.Build.0 = Debug|Win32
		{EA2F5099-20DB-462C-9899-B99D1C68E757}.Release|x64.ActiveCfg = Release|x64
		{EA2F5099-20DB-462C-9899-B99D1C68E757}.Release|x64.Build.0 = Release|x64
		{EA2F5099-20DB-462C-9899-B99D1C68E757}.Release|x86.ActiveCfg = Release|Win32
		{EA2F5099-20DB-462C-9899-B99D1C68E757}.Release|x86.Build.0 = Release|Win32
		{C2C61431-B820-4CE2-A88C-EB23DD707EA8}.Debug|x64.ActiveCfg = Debug
		{C2C61431-B820-4CE2-A88C-EB23DD707EA8}.Debug|x86.ActiveCfg = Debug
		{C2C61431-B820-4CE2-A88C-EB23DD707EA8}.Release|x64.ActiveCfg = Release
		{C2C61431-B820-4CE2-A88C-EB23DD707EA8}.Release|x86.ActiveCfg = Release
	EndGlobalSection
	GlobalSection(SolutionProperties) = preSolution
		HideSolutionNode = FALSE
	EndGlobalSection
	GlobalSection(ExtensibilityGlobals) = postSolution
		SolutionGuid = {33EAF489-49AE-4149-B2EA-29875D268348}
	EndGlobalSection
EndGlobal
