
Microsoft Visual Studio Solution File, Format Version 12.00
# Visual Studio Version 17
VisualStudioVersion = 17.7.34221.43
MinimumVisualStudioVersion = 10.0.40219.1
Project("{8BC9CEB8-8B4A-11D0-8D11-00A0C91BC942}") = "lab1", "Show lab\Show lab.vcxproj", "{A19A87FD-32B5-47D2-AD7A-ECBC9D09E4DA}"
EndProject
Project("{8BC9CEB8-8B4A-11D0-8D11-00A0C91BC942}") = "lab2", "lab2\lab2.vcxproj", "{C49E271A-75F4-445F-86E8-E149D53204C2}"
EndProject
Project("{8BC9CEB8-8B4A-11D0-8D11-00A0C91BC942}") = "lab3", "lab3\lab3.vcxproj", "{8CD7FEAC-F5A8-440A-A1B1-9C4692C2C8BB}"
EndProject
Project("{8BC9CEB8-8B4A-11D0-8D11-00A0C91BC942}") = "lab4", "lab4\lab4.vcxproj", "{16F8DCD9-2FFC-493E-AD7F-DCF253D89985}"
EndProject
Project("{8BC9CEB8-8B4A-11D0-8D11-00A0C91BC942}") = "lab5", "lab5\lab5.vcxproj", "{C54898C6-6470-486D-931C-C3E956D9BEA1}"
EndProject
Project("{8BC9CEB8-8B4A-11D0-8D11-00A0C91BC942}") = "lab6", "lab6\lab6.vcxproj", "{BF56385B-50FB-4C35-AEA8-274F3FC2B2D2}"
EndProject
Project("{8BC9CEB8-8B4A-11D0-8D11-00A0C91BC942}") = "lab7", "lab7\lab7.vcxproj", "{93D53CC8-42D4-4C77-B140-7C8ACA454001}"
EndProject
Project("{8BC9CEB8-8B4A-11D0-8D11-00A0C91BC942}") = "lab8", "lab8\lab8.vcxproj", "{7D48E42E-3B89-4195-A047-BB48D74BA8EC}"
EndProject
Project("{8BC9CEB8-8B4A-11D0-8D11-00A0C91BC942}") = "lab8A", "lab8A\lab8A.vcxproj", "{7CF87BC6-22D4-4E50-9487-5FF9BBF695C3}"
EndProject
Project("{8BC9CEB8-8B4A-11D0-8D11-00A0C91BC942}") = "РГЗ", "labConsole\labConsole.vcxproj", "{FE78A44A-5C67-4FAD-A698-4662FB2102B6}"
EndProject
Project("{8BC9CEB8-8B4A-11D0-8D11-00A0C91BC942}") = "lab9", "lab9\lab9.vcxproj", "{00D1404C-E729-413A-89C0-DAC649B0CCFA}"
EndProject
Project("{8BC9CEB8-8B4A-11D0-8D11-00A0C91BC942}") = "lab10", "lab10\lab10.vcxproj", "{D06665DF-5AD2-4212-8D27-B83CA94A5A06}"
EndProject
Project("{8BC9CEB8-8B4A-11D0-8D11-00A0C91BC942}") = "lab11", "lab11\lab11.vcxproj", "{85B2F7A0-398D-4442-ACDB-E7954A6AFF58}"
EndProject
Project("{8BC9CEB8-8B4A-11D0-8D11-00A0C91BC942}") = "lab12", "lab12\lab12.vcxproj", "{5AA9856C-8F49-45C1-9F37-ECA65233C7DC}"
EndProject
Project("{8BC9CEB8-8B4A-11D0-8D11-00A0C91BC942}") = "lab13", "lab13\lab13.vcxproj", "{05154A91-1042-4DF3-943D-70A730519AB0}"
EndProject
Global
	GlobalSection(SolutionConfigurationPlatforms) = preSolution
		Debug|x64 = Debug|x64
		Debug|x86 = Debug|x86
		Release|x64 = Release|x64
		Release|x86 = Release|x86
	EndGlobalSection
	GlobalSection(ProjectConfigurationPlatforms) = postSolution
		{A19A87FD-32B5-47D2-AD7A-ECBC9D09E4DA}.Debug|x64.ActiveCfg = Debug|x64
		{A19A87FD-32B5-47D2-AD7A-ECBC9D09E4DA}.Debug|x64.Build.0 = Debug|x64
		{A19A87FD-32B5-47D2-AD7A-ECBC9D09E4DA}.Debug|x86.ActiveCfg = Debug|Win32
		{A19A87FD-32B5-47D2-AD7A-ECBC9D09E4DA}.Debug|x86.Build.0 = Debug|Win32
		{A19A87FD-32B5-47D2-AD7A-ECBC9D09E4DA}.Release|x64.ActiveCfg = Release|x64
		{A19A87FD-32B5-47D2-AD7A-ECBC9D09E4DA}.Release|x64.Build.0 = Release|x64
		{A19A87FD-32B5-47D2-AD7A-ECBC9D09E4DA}.Release|x86.ActiveCfg = Release|Win32
		{A19A87FD-32B5-47D2-AD7A-ECBC9D09E4DA}.Release|x86.Build.0 = Release|Win32
		{C49E271A-75F4-445F-86E8-E149D53204C2}.Debug|x64.ActiveCfg = Debug|x64
		{C49E271A-75F4-445F-86E8-E149D53204C2}.Debug|x64.Build.0 = Debug|x64
		{C49E271A-75F4-445F-86E8-E149D53204C2}.Debug|x86.ActiveCfg = Debug|Win32
		{C49E271A-75F4-445F-86E8-E149D53204C2}.Debug|x86.Build.0 = Debug|Win32
		{C49E271A-75F4-445F-86E8-E149D53204C2}.Release|x64.ActiveCfg = Release|x64
		{C49E271A-75F4-445F-86E8-E149D53204C2}.Release|x64.Build.0 = Release|x64
		{C49E271A-75F4-445F-86E8-E149D53204C2}.Release|x86.ActiveCfg = Release|Win32
		{C49E271A-75F4-445F-86E8-E149D53204C2}.Release|x86.Build.0 = Release|Win32
		{8CD7FEAC-F5A8-440A-A1B1-9C4692C2C8BB}.Debug|x64.ActiveCfg = Debug|x64
		{8CD7FEAC-F5A8-440A-A1B1-9C4692C2C8BB}.Debug|x64.Build.0 = Debug|x64
		{8CD7FEAC-F5A8-440A-A1B1-9C4692C2C8BB}.Debug|x86.ActiveCfg = Debug|Win32
		{8CD7FEAC-F5A8-440A-A1B1-9C4692C2C8BB}.Debug|x86.Build.0 = Debug|Win32
		{8CD7FEAC-F5A8-440A-A1B1-9C4692C2C8BB}.Release|x64.ActiveCfg = Release|x64
		{8CD7FEAC-F5A8-440A-A1B1-9C4692C2C8BB}.Release|x64.Build.0 = Release|x64
		{8CD7FEAC-F5A8-440A-A1B1-9C4692C2C8BB}.Release|x86.ActiveCfg = Release|Win32
		{8CD7FEAC-F5A8-440A-A1B1-9C4692C2C8BB}.Release|x86.Build.0 = Release|Win32
		{16F8DCD9-2FFC-493E-AD7F-DCF253D89985}.Debug|x64.ActiveCfg = Debug|x64
		{16F8DCD9-2FFC-493E-AD7F-DCF253D89985}.Debug|x64.Build.0 = Debug|x64
		{16F8DCD9-2FFC-493E-AD7F-DCF253D89985}.Debug|x86.ActiveCfg = Debug|Win32
		{16F8DCD9-2FFC-493E-AD7F-DCF253D89985}.Debug|x86.Build.0 = Debug|Win32
		{16F8DCD9-2FFC-493E-AD7F-DCF253D89985}.Release|x64.ActiveCfg = Release|x64
		{16F8DCD9-2FFC-493E-AD7F-DCF253D89985}.Release|x64.Build.0 = Release|x64
		{16F8DCD9-2FFC-493E-AD7F-DCF253D89985}.Release|x86.ActiveCfg = Release|Win32
		{16F8DCD9-2FFC-493E-AD7F-DCF253D89985}.Release|x86.Build.0 = Release|Win32
		{C54898C6-6470-486D-931C-C3E956D9BEA1}.Debug|x64.ActiveCfg = Debug|x64
		{C54898C6-6470-486D-931C-C3E956D9BEA1}.Debug|x64.Build.0 = Debug|x64
		{C54898C6-6470-486D-931C-C3E956D9BEA1}.Debug|x86.ActiveCfg = Debug|Win32
		{C54898C6-6470-486D-931C-C3E956D9BEA1}.Debug|x86.Build.0 = Debug|Win32
		{C54898C6-6470-486D-931C-C3E956D9BEA1}.Release|x64.ActiveCfg = Release|x64
		{C54898C6-6470-486D-931C-C3E956D9BEA1}.Release|x64.Build.0 = Release|x64
		{C54898C6-6470-486D-931C-C3E956D9BEA1}.Release|x86.ActiveCfg = Release|Win32
		{C54898C6-6470-486D-931C-C3E956D9BEA1}.Release|x86.Build.0 = Release|Win32
		{BF56385B-50FB-4C35-AEA8-274F3FC2B2D2}.Debug|x64.ActiveCfg = Debug|x64
		{BF56385B-50FB-4C35-AEA8-274F3FC2B2D2}.Debug|x64.Build.0 = Debug|x64
		{BF56385B-50FB-4C35-AEA8-274F3FC2B2D2}.Debug|x86.ActiveCfg = Debug|Win32
		{BF56385B-50FB-4C35-AEA8-274F3FC2B2D2}.Debug|x86.Build.0 = Debug|Win32
		{BF56385B-50FB-4C35-AEA8-274F3FC2B2D2}.Release|x64.ActiveCfg = Release|x64
		{BF56385B-50FB-4C35-AEA8-274F3FC2B2D2}.Release|x64.Build.0 = Release|x64
		{BF56385B-50FB-4C35-AEA8-274F3FC2B2D2}.Release|x86.ActiveCfg = Release|Win32
		{BF56385B-50FB-4C35-AEA8-274F3FC2B2D2}.Release|x86.Build.0 = Release|Win32
		{93D53CC8-42D4-4C77-B140-7C8ACA454001}.Debug|x64.ActiveCfg = Debug|x64
		{93D53CC8-42D4-4C77-B140-7C8ACA454001}.Debug|x64.Build.0 = Debug|x64
		{93D53CC8-42D4-4C77-B140-7C8ACA454001}.Debug|x86.ActiveCfg = Debug|Win32
		{93D53CC8-42D4-4C77-B140-7C8ACA454001}.Debug|x86.Build.0 = Debug|Win32
		{93D53CC8-42D4-4C77-B140-7C8ACA454001}.Release|x64.ActiveCfg = Release|x64
		{93D53CC8-42D4-4C77-B140-7C8ACA454001}.Release|x64.Build.0 = Release|x64
		{93D53CC8-42D4-4C77-B140-7C8ACA454001}.Release|x86.ActiveCfg = Release|Win32
		{93D53CC8-42D4-4C77-B140-7C8ACA454001}.Release|x86.Build.0 = Release|Win32
		{7D48E42E-3B89-4195-A047-BB48D74BA8EC}.Debug|x64.ActiveCfg = Debug|x64
		{7D48E42E-3B89-4195-A047-BB48D74BA8EC}.Debug|x64.Build.0 = Debug|x64
		{7D48E42E-3B89-4195-A047-BB48D74BA8EC}.Debug|x86.ActiveCfg = Debug|Win32
		{7D48E42E-3B89-4195-A047-BB48D74BA8EC}.Debug|x86.Build.0 = Debug|Win32
		{7D48E42E-3B89-4195-A047-BB48D74BA8EC}.Release|x64.ActiveCfg = Release|x64
		{7D48E42E-3B89-4195-A047-BB48D74BA8EC}.Release|x64.Build.0 = Release|x64
		{7D48E42E-3B89-4195-A047-BB48D74BA8EC}.Release|x86.ActiveCfg = Release|Win32
		{7D48E42E-3B89-4195-A047-BB48D74BA8EC}.Release|x86.Build.0 = Release|Win32
		{7CF87BC6-22D4-4E50-9487-5FF9BBF695C3}.Debug|x64.ActiveCfg = Debug|x64
		{7CF87BC6-22D4-4E50-9487-5FF9BBF695C3}.Debug|x64.Build.0 = Debug|x64
		{7CF87BC6-22D4-4E50-9487-5FF9BBF695C3}.Debug|x86.ActiveCfg = Debug|Win32
		{7CF87BC6-22D4-4E50-9487-5FF9BBF695C3}.Debug|x86.Build.0 = Debug|Win32
		{7CF87BC6-22D4-4E50-9487-5FF9BBF695C3}.Release|x64.ActiveCfg = Release|x64
		{7CF87BC6-22D4-4E50-9487-5FF9BBF695C3}.Release|x64.Build.0 = Release|x64
		{7CF87BC6-22D4-4E50-9487-5FF9BBF695C3}.Release|x86.ActiveCfg = Release|Win32
		{7CF87BC6-22D4-4E50-9487-5FF9BBF695C3}.Release|x86.Build.0 = Release|Win32
		{FE78A44A-5C67-4FAD-A698-4662FB2102B6}.Debug|x64.ActiveCfg = Debug|x64
		{FE78A44A-5C67-4FAD-A698-4662FB2102B6}.Debug|x64.Build.0 = Debug|x64
		{FE78A44A-5C67-4FAD-A698-4662FB2102B6}.Debug|x86.ActiveCfg = Debug|Win32
		{FE78A44A-5C67-4FAD-A698-4662FB2102B6}.Debug|x86.Build.0 = Debug|Win32
		{FE78A44A-5C67-4FAD-A698-4662FB2102B6}.Release|x64.ActiveCfg = Release|x64
		{FE78A44A-5C67-4FAD-A698-4662FB2102B6}.Release|x64.Build.0 = Release|x64
		{FE78A44A-5C67-4FAD-A698-4662FB2102B6}.Release|x86.ActiveCfg = Release|Win32
		{FE78A44A-5C67-4FAD-A698-4662FB2102B6}.Release|x86.Build.0 = Release|Win32
		{00D1404C-E729-413A-89C0-DAC649B0CCFA}.Debug|x64.ActiveCfg = Debug|x64
		{00D1404C-E729-413A-89C0-DAC649B0CCFA}.Debug|x64.Build.0 = Debug|x64
		{00D1404C-E729-413A-89C0-DAC649B0CCFA}.Debug|x86.ActiveCfg = Debug|Win32
		{00D1404C-E729-413A-89C0-DAC649B0CCFA}.Debug|x86.Build.0 = Debug|Win32
		{00D1404C-E729-413A-89C0-DAC649B0CCFA}.Release|x64.ActiveCfg = Release|x64
		{00D1404C-E729-413A-89C0-DAC649B0CCFA}.Release|x64.Build.0 = Release|x64
		{00D1404C-E729-413A-89C0-DAC649B0CCFA}.Release|x86.ActiveCfg = Release|Win32
		{00D1404C-E729-413A-89C0-DAC649B0CCFA}.Release|x86.Build.0 = Release|Win32
		{D06665DF-5AD2-4212-8D27-B83CA94A5A06}.Debug|x64.ActiveCfg = Debug|x64
		{D06665DF-5AD2-4212-8D27-B83CA94A5A06}.Debug|x64.Build.0 = Debug|x64
		{D06665DF-5AD2-4212-8D27-B83CA94A5A06}.Debug|x86.ActiveCfg = Debug|Win32
		{D06665DF-5AD2-4212-8D27-B83CA94A5A06}.Debug|x86.Build.0 = Debug|Win32
		{D06665DF-5AD2-4212-8D27-B83CA94A5A06}.Release|x64.ActiveCfg = Release|x64
		{D06665DF-5AD2-4212-8D27-B83CA94A5A06}.Release|x64.Build.0 = Release|x64
		{D06665DF-5AD2-4212-8D27-B83CA94A5A06}.Release|x86.ActiveCfg = Release|Win32
		{D06665DF-5AD2-4212-8D27-B83CA94A5A06}.Release|x86.Build.0 = Release|Win32
		{85B2F7A0-398D-4442-ACDB-E7954A6AFF58}.Debug|x64.ActiveCfg = Debug|x64
		{85B2F7A0-398D-4442-ACDB-E7954A6AFF58}.Debug|x64.Build.0 = Debug|x64
		{85B2F7A0-398D-4442-ACDB-E7954A6AFF58}.Debug|x86.ActiveCfg = Debug|Win32
		{85B2F7A0-398D-4442-ACDB-E7954A6AFF58}.Debug|x86.Build.0 = Debug|Win32
		{85B2F7A0-398D-4442-ACDB-E7954A6AFF58}.Release|x64.ActiveCfg = Release|x64
		{85B2F7A0-398D-4442-ACDB-E7954A6AFF58}.Release|x64.Build.0 = Release|x64
		{85B2F7A0-398D-4442-ACDB-E7954A6AFF58}.Release|x86.ActiveCfg = Release|Win32
		{85B2F7A0-398D-4442-ACDB-E7954A6AFF58}.Release|x86.Build.0 = Release|Win32
		{5AA9856C-8F49-45C1-9F37-ECA65233C7DC}.Debug|x64.ActiveCfg = Debug|x64
		{5AA9856C-8F49-45C1-9F37-ECA65233C7DC}.Debug|x64.Build.0 = Debug|x64
		{5AA9856C-8F49-45C1-9F37-ECA65233C7DC}.Debug|x86.ActiveCfg = Debug|Win32
		{5AA9856C-8F49-45C1-9F37-ECA65233C7DC}.Debug|x86.Build.0 = Debug|Win32
		{5AA9856C-8F49-45C1-9F37-ECA65233C7DC}.Release|x64.ActiveCfg = Release|x64
		{5AA9856C-8F49-45C1-9F37-ECA65233C7DC}.Release|x64.Build.0 = Release|x64
		{5AA9856C-8F49-45C1-9F37-ECA65233C7DC}.Release|x86.ActiveCfg = Release|Win32
		{5AA9856C-8F49-45C1-9F37-ECA65233C7DC}.Release|x86.Build.0 = Release|Win32
		{05154A91-1042-4DF3-943D-70A730519AB0}.Debug|x64.ActiveCfg = Debug|x64
		{05154A91-1042-4DF3-943D-70A730519AB0}.Debug|x64.Build.0 = Debug|x64
		{05154A91-1042-4DF3-943D-70A730519AB0}.Debug|x86.ActiveCfg = Debug|Win32
		{05154A91-1042-4DF3-943D-70A730519AB0}.Debug|x86.Build.0 = Debug|Win32
		{05154A91-1042-4DF3-943D-70A730519AB0}.Release|x64.ActiveCfg = Release|x64
		{05154A91-1042-4DF3-943D-70A730519AB0}.Release|x64.Build.0 = Release|x64
		{05154A91-1042-4DF3-943D-70A730519AB0}.Release|x86.ActiveCfg = Release|Win32
		{05154A91-1042-4DF3-943D-70A730519AB0}.Release|x86.Build.0 = Release|Win32
	EndGlobalSection
	GlobalSection(SolutionProperties) = preSolution
		HideSolutionNode = FALSE
	EndGlobalSection
	GlobalSection(ExtensibilityGlobals) = postSolution
		SolutionGuid = {49E00E81-C52D-4E53-AB57-8709CF7C8117}
	EndGlobalSection
EndGlobal
